
Microsoft Visual Studio Solution File, Format Version 12.00
# Visual Studio Version 16
VisualStudioVersion = 16.0.30128.74
MinimumVisualStudioVersion = 10.0.40219.1
Project("{8BC9CEB8-8B4A-11D0-8D11-00A0C91BC942}") = "C_primer_plus5.11", "C_primer_plus5.11.vcxproj", "{DEF142D7-9B41-4B14-8690-A1D9BBD98956}"
EndProject
Global
	GlobalSection(SolutionConfigurationPlatforms) = preSolution
		Debug|x64 = Debug|x64
		Debug|x86 = Debug|x86
		Release|x64 = Release|x64
		Release|x86 = Release|x86
	EndGlobalSection
	GlobalSection(ProjectConfigurationPlatforms) = postSolution
		{DEF142D7-9B41-4B14-8690-A1D9BBD98956}.Debug|x64.ActiveCfg = Debug|x64
		{DEF142D7-9B41-4B14-8690-A1D9BBD98956}.Debug|x64.Build.0 = Debug|x64
		{DEF142D7-9B41-4B14-8690-A1D9BBD98956}.Debug|x86.ActiveCfg = Debug|Win32
		{DEF142D7-9B41-4B14-8690-A1D9BBD98956}.Debug|x86.Build.0 = Debug|Win32
		{DEF142D7-9B41-4B14-8690-A1D9BBD98956}.Release|x64.ActiveCfg = Release|x64
		{DEF142D7-9B41-4B14-8690-A1D9BBD98956}.Release|x64.Build.0 = Release|x64
		{DEF142D7-9B41-4B14-8690-A1D9BBD98956}.Release|x86.ActiveCfg = Release|Win32
		{DEF142D7-9B41-4B14-8690-A1D9BBD98956}.Release|x86.Build.0 = Release|Win32
	EndGlobalSection
	GlobalSection(SolutionProperties) = preSolution
		HideSolutionNode = FALSE
	EndGlobalSection
	GlobalSection(ExtensibilityGlobals) = postSolution
		SolutionGuid = {36A28175-7DEF-4DE5-942A-89691D099E9E}
	EndGlobalSection
EndGlobal
