
Microsoft Visual Studio Solution File, Format Version 12.00
# Visual Studio Version 16
VisualStudioVersion = 16.0.30128.74
MinimumVisualStudioVersion = 10.0.40219.1
Project("{8BC9CEB8-8B4A-11D0-8D11-00A0C91BC942}") = "decimal2binary", "decimal2binary.vcxproj", "{47CF4B9D-20E9-4366-BE11-5BDD622F214D}"
EndProject
Global
	GlobalSection(SolutionConfigurationPlatforms) = preSolution
		Debug|x64 = Debug|x64
		Debug|x86 = Debug|x86
		Release|x64 = Release|x64
		Release|x86 = Release|x86
	EndGlobalSection
	GlobalSection(ProjectConfigurationPlatforms) = postSolution
		{47CF4B9D-20E9-4366-BE11-5BDD622F214D}.Debug|x64.ActiveCfg = Debug|x64
		{47CF4B9D-20E9-4366-BE11-5BDD622F214D}.Debug|x64.Build.0 = Debug|x64
		{47CF4B9D-20E9-4366-BE11-5BDD622F214D}.Debug|x86.ActiveCfg = Debug|Win32
		{47CF4B9D-20E9-4366-BE11-5BDD622F214D}.Debug|x86.Build.0 = Debug|Win32
		{47CF4B9D-20E9-4366-BE11-5BDD622F214D}.Release|x64.ActiveCfg = Release|x64
		{47CF4B9D-20E9-4366-BE11-5BDD622F214D}.Release|x64.Build.0 = Release|x64
		{47CF4B9D-20E9-4366-BE11-5BDD622F214D}.Release|x86.ActiveCfg = Release|Win32
		{47CF4B9D-20E9-4366-BE11-5BDD622F214D}.Release|x86.Build.0 = Release|Win32
	EndGlobalSection
	GlobalSection(SolutionProperties) = preSolution
		HideSolutionNode = FALSE
	EndGlobalSection
	GlobalSection(ExtensibilityGlobals) = postSolution
		SolutionGuid = {FBA8D58D-A111-4FAB-B937-5D0E8FF828C3}
	EndGlobalSection
EndGlobal
